
Microsoft Visual Studio Solution File, Format Version 12.00
# Visual Studio Version 17
VisualStudioVersion = 17.10.35013.160
MinimumVisualStudioVersion = 10.0.40219.1
Project("{2150E333-8FDC-42A3-9474-1A3956D46DE8}") = "Services", "Services", "{65434A37-EAE2-48D0-8365-A7435A32682D}"
EndProject
Project("{2150E333-8FDC-42A3-9474-1A3956D46DE8}") = "Catalog", "Catalog", "{F3C69874-B4F9-492F-8746-E140623AE0CB}"
EndProject
Project("{9A19103F-16F7-4668-BE54-9A1E7A4F7556}") = "MultiShop.Catalog", "Services\Catalog\MultiShop.Catalog\MultiShop.Catalog.csproj", "{E4892BBF-D56E-46C1-BB0A-75954A1A4648}"
EndProject
Project("{2150E333-8FDC-42A3-9474-1A3956D46DE8}") = "Discount", "Discount", "{C3B63CB1-6161-4A1B-AE36-8B884792C081}"
EndProject
Project("{9A19103F-16F7-4668-BE54-9A1E7A4F7556}") = "MultiShop.Discount", "Services\Discount\MultiShop.Discount\MultiShop.Discount.csproj", "{11C1B638-0401-43C3-8B8B-F0B35D6BD2FE}"
EndProject
Project("{2150E333-8FDC-42A3-9474-1A3956D46DE8}") = "Order", "Order", "{D2BCF220-AB3A-42D0-B670-E50A5F40D5E2}"
EndProject
Project("{2150E333-8FDC-42A3-9474-1A3956D46DE8}") = "Core", "Core", "{752C4CA1-90E1-451A-B3C4-7C90F4542B38}"
EndProject
Project("{2150E333-8FDC-42A3-9474-1A3956D46DE8}") = "Infrastructure", "Infrastructure", "{F33C502A-B958-45DD-83B7-5D1A81873D8C}"
EndProject
Project("{2150E333-8FDC-42A3-9474-1A3956D46DE8}") = "Presentation", "Presentation", "{D4FB53A0-C530-4BED-BB86-3EF0BEA0558F}"
EndProject
Project("{9A19103F-16F7-4668-BE54-9A1E7A4F7556}") = "MultiShop.Order.Domain", "Services\Order\Core\MultiShop.Order.Domain\MultiShop.Order.Domain.csproj", "{4B730233-E7DC-4789-8B57-DCCFFE12D670}"
EndProject
Project("{9A19103F-16F7-4668-BE54-9A1E7A4F7556}") = "MultiShop.Order.Application", "Services\Order\Core\MultiShop.Order.Application\MultiShop.Order.Application.csproj", "{C32C1CEC-8CF1-4DC9-B6E6-8F1A5792F041}"
EndProject
Project("{9A19103F-16F7-4668-BE54-9A1E7A4F7556}") = "MultiShop.Order.Persistence", "Services\Order\Infrastructure\MultiShop.Order.Persistance\MultiShop.Order.Persistence.csproj", "{B3AA1755-33D6-478B-A4FB-1FA64358196E}"
EndProject
Project("{9A19103F-16F7-4668-BE54-9A1E7A4F7556}") = "MultiShop.Order.WebApi", "Services\Order\Presentation\MultiShop.Order.WebApi\MultiShop.Order.WebApi.csproj", "{04A25741-D4A5-4A78-9202-8EF8C80743A0}"
EndProject
Project("{2150E333-8FDC-42A3-9474-1A3956D46DE8}") = "IdentityServer", "IdentityServer", "{CA30975F-B5B5-4BCD-AF53-E199AA1B9B6F}"
EndProject
Project("{9A19103F-16F7-4668-BE54-9A1E7A4F7556}") = "MultiShop.IdentityServer", "MultiShop.IdentityServer\MultiShop.IdentityServer.csproj", "{39431CFC-2601-4704-BC10-FD2B6C4C4BCE}"
EndProject
Project("{2150E333-8FDC-42A3-9474-1A3956D46DE8}") = "Cargo", "Cargo", "{74F130F5-6B05-411E-AB3E-25A00AE9571C}"
EndProject
Project("{9A19103F-16F7-4668-BE54-9A1E7A4F7556}") = "MultiShop.Cargo.EntityLayer", "Services\Cargo\MultiShop.Cargo.EntityLayer\MultiShop.Cargo.EntityLayer.csproj", "{E2377334-8490-4A27-9DEB-D59F7EB187D5}"
EndProject
Project("{9A19103F-16F7-4668-BE54-9A1E7A4F7556}") = "MultiShop.Cargo.DataAccessLayer", "Services\Cargo\MultiShop.Cargo.DataAccessLayer\MultiShop.Cargo.DataAccessLayer.csproj", "{41005D79-D0A7-4799-A5B1-98550EB50A33}"
EndProject
Project("{9A19103F-16F7-4668-BE54-9A1E7A4F7556}") = "MultiShop.Cargo.DtoLayer", "Services\Cargo\MultiShop.Cargo.DtoLayer\MultiShop.Cargo.DtoLayer.csproj", "{1C9D85D8-16F9-41F2-81B5-C7FEB1092601}"
EndProject
Project("{9A19103F-16F7-4668-BE54-9A1E7A4F7556}") = "MutliShop.Cargo.WebApi", "Services\Cargo\MutliShop.Cargo.WebApi\MutliShop.Cargo.WebApi.csproj", "{AF32E9F5-8BBB-447A-B99B-644915091B5C}"
EndProject
Project("{FAE04EC0-301F-11D3-BF4B-00C04F79EFBC}") = "MultiShop.Cargo.BusinessLayer", "Services\Cargo\MultiShop.Cargo.BusinessLayer\MultiShop.Cargo.BusinessLayer.csproj", "{06B723D1-BCE9-4E68-A806-76B41DFBAA71}"
EndProject
Global
	GlobalSection(SolutionConfigurationPlatforms) = preSolution
		Debug|Any CPU = Debug|Any CPU
		Release|Any CPU = Release|Any CPU
	EndGlobalSection
	GlobalSection(ProjectConfigurationPlatforms) = postSolution
		{E4892BBF-D56E-46C1-BB0A-75954A1A4648}.Debug|Any CPU.ActiveCfg = Debug|Any CPU
		{E4892BBF-D56E-46C1-BB0A-75954A1A4648}.Debug|Any CPU.Build.0 = Debug|Any CPU
		{E4892BBF-D56E-46C1-BB0A-75954A1A4648}.Release|Any CPU.ActiveCfg = Release|Any CPU
		{E4892BBF-D56E-46C1-BB0A-75954A1A4648}.Release|Any CPU.Build.0 = Release|Any CPU
		{11C1B638-0401-43C3-8B8B-F0B35D6BD2FE}.Debug|Any CPU.ActiveCfg = Debug|Any CPU
		{11C1B638-0401-43C3-8B8B-F0B35D6BD2FE}.Debug|Any CPU.Build.0 = Debug|Any CPU
		{11C1B638-0401-43C3-8B8B-F0B35D6BD2FE}.Release|Any CPU.ActiveCfg = Release|Any CPU
		{11C1B638-0401-43C3-8B8B-F0B35D6BD2FE}.Release|Any CPU.Build.0 = Release|Any CPU
		{4B730233-E7DC-4789-8B57-DCCFFE12D670}.Debug|Any CPU.ActiveCfg = Debug|Any CPU
		{4B730233-E7DC-4789-8B57-DCCFFE12D670}.Debug|Any CPU.Build.0 = Debug|Any CPU
		{4B730233-E7DC-4789-8B57-DCCFFE12D670}.Release|Any CPU.ActiveCfg = Release|Any CPU
		{4B730233-E7DC-4789-8B57-DCCFFE12D670}.Release|Any CPU.Build.0 = Release|Any CPU
		{C32C1CEC-8CF1-4DC9-B6E6-8F1A5792F041}.Debug|Any CPU.ActiveCfg = Debug|Any CPU
		{C32C1CEC-8CF1-4DC9-B6E6-8F1A5792F041}.Debug|Any CPU.Build.0 = Debug|Any CPU
		{C32C1CEC-8CF1-4DC9-B6E6-8F1A5792F041}.Release|Any CPU.ActiveCfg = Release|Any CPU
		{C32C1CEC-8CF1-4DC9-B6E6-8F1A5792F041}.Release|Any CPU.Build.0 = Release|Any CPU
		{B3AA1755-33D6-478B-A4FB-1FA64358196E}.Debug|Any CPU.ActiveCfg = Debug|Any CPU
		{B3AA1755-33D6-478B-A4FB-1FA64358196E}.Debug|Any CPU.Build.0 = Debug|Any CPU
		{B3AA1755-33D6-478B-A4FB-1FA64358196E}.Release|Any CPU.ActiveCfg = Release|Any CPU
		{B3AA1755-33D6-478B-A4FB-1FA64358196E}.Release|Any CPU.Build.0 = Release|Any CPU
		{04A25741-D4A5-4A78-9202-8EF8C80743A0}.Debug|Any CPU.ActiveCfg = Debug|Any CPU
		{04A25741-D4A5-4A78-9202-8EF8C80743A0}.Debug|Any CPU.Build.0 = Debug|Any CPU
		{04A25741-D4A5-4A78-9202-8EF8C80743A0}.Release|Any CPU.ActiveCfg = Release|Any CPU
		{04A25741-D4A5-4A78-9202-8EF8C80743A0}.Release|Any CPU.Build.0 = Release|Any CPU
		{39431CFC-2601-4704-BC10-FD2B6C4C4BCE}.Debug|Any CPU.ActiveCfg = Debug|Any CPU
		{39431CFC-2601-4704-BC10-FD2B6C4C4BCE}.Debug|Any CPU.Build.0 = Debug|Any CPU
		{39431CFC-2601-4704-BC10-FD2B6C4C4BCE}.Release|Any CPU.ActiveCfg = Release|Any CPU
		{39431CFC-2601-4704-BC10-FD2B6C4C4BCE}.Release|Any CPU.Build.0 = Release|Any CPU
		{E2377334-8490-4A27-9DEB-D59F7EB187D5}.Debug|Any CPU.ActiveCfg = Debug|Any CPU
		{E2377334-8490-4A27-9DEB-D59F7EB187D5}.Debug|Any CPU.Build.0 = Debug|Any CPU
		{E2377334-8490-4A27-9DEB-D59F7EB187D5}.Release|Any CPU.ActiveCfg = Release|Any CPU
		{E2377334-8490-4A27-9DEB-D59F7EB187D5}.Release|Any CPU.Build.0 = Release|Any CPU
		{41005D79-D0A7-4799-A5B1-98550EB50A33}.Debug|Any CPU.ActiveCfg = Debug|Any CPU
		{41005D79-D0A7-4799-A5B1-98550EB50A33}.Debug|Any CPU.Build.0 = Debug|Any CPU
		{41005D79-D0A7-4799-A5B1-98550EB50A33}.Release|Any CPU.ActiveCfg = Release|Any CPU
		{41005D79-D0A7-4799-A5B1-98550EB50A33}.Release|Any CPU.Build.0 = Release|Any CPU
		{1C9D85D8-16F9-41F2-81B5-C7FEB1092601}.Debug|Any CPU.ActiveCfg = Debug|Any CPU
		{1C9D85D8-16F9-41F2-81B5-C7FEB1092601}.Debug|Any CPU.Build.0 = Debug|Any CPU
		{1C9D85D8-16F9-41F2-81B5-C7FEB1092601}.Release|Any CPU.ActiveCfg = Release|Any CPU
		{1C9D85D8-16F9-41F2-81B5-C7FEB1092601}.Release|Any CPU.Build.0 = Release|Any CPU
		{AF32E9F5-8BBB-447A-B99B-644915091B5C}.Debug|Any CPU.ActiveCfg = Debug|Any CPU
		{AF32E9F5-8BBB-447A-B99B-644915091B5C}.Debug|Any CPU.Build.0 = Debug|Any CPU
		{AF32E9F5-8BBB-447A-B99B-644915091B5C}.Release|Any CPU.ActiveCfg = Release|Any CPU
		{AF32E9F5-8BBB-447A-B99B-644915091B5C}.Release|Any CPU.Build.0 = Release|Any CPU
		{06B723D1-BCE9-4E68-A806-76B41DFBAA71}.Debug|Any CPU.ActiveCfg = Debug|Any CPU
		{06B723D1-BCE9-4E68-A806-76B41DFBAA71}.Debug|Any CPU.Build.0 = Debug|Any CPU
		{06B723D1-BCE9-4E68-A806-76B41DFBAA71}.Release|Any CPU.ActiveCfg = Release|Any CPU
		{06B723D1-BCE9-4E68-A806-76B41DFBAA71}.Release|Any CPU.Build.0 = Release|Any CPU
	EndGlobalSection
	GlobalSection(SolutionProperties) = preSolution
		HideSolutionNode = FALSE
	EndGlobalSection
	GlobalSection(NestedProjects) = preSolution
		{F3C69874-B4F9-492F-8746-E140623AE0CB} = {65434A37-EAE2-48D0-8365-A7435A32682D}
		{E4892BBF-D56E-46C1-BB0A-75954A1A4648} = {F3C69874-B4F9-492F-8746-E140623AE0CB}
		{C3B63CB1-6161-4A1B-AE36-8B884792C081} = {65434A37-EAE2-48D0-8365-A7435A32682D}
		{11C1B638-0401-43C3-8B8B-F0B35D6BD2FE} = {C3B63CB1-6161-4A1B-AE36-8B884792C081}
		{D2BCF220-AB3A-42D0-B670-E50A5F40D5E2} = {65434A37-EAE2-48D0-8365-A7435A32682D}
		{752C4CA1-90E1-451A-B3C4-7C90F4542B38} = {D2BCF220-AB3A-42D0-B670-E50A5F40D5E2}
		{F33C502A-B958-45DD-83B7-5D1A81873D8C} = {D2BCF220-AB3A-42D0-B670-E50A5F40D5E2}
		{D4FB53A0-C530-4BED-BB86-3EF0BEA0558F} = {D2BCF220-AB3A-42D0-B670-E50A5F40D5E2}
		{4B730233-E7DC-4789-8B57-DCCFFE12D670} = {752C4CA1-90E1-451A-B3C4-7C90F4542B38}
		{C32C1CEC-8CF1-4DC9-B6E6-8F1A5792F041} = {752C4CA1-90E1-451A-B3C4-7C90F4542B38}
		{B3AA1755-33D6-478B-A4FB-1FA64358196E} = {F33C502A-B958-45DD-83B7-5D1A81873D8C}
		{04A25741-D4A5-4A78-9202-8EF8C80743A0} = {D4FB53A0-C530-4BED-BB86-3EF0BEA0558F}
		{39431CFC-2601-4704-BC10-FD2B6C4C4BCE} = {CA30975F-B5B5-4BCD-AF53-E199AA1B9B6F}
		{74F130F5-6B05-411E-AB3E-25A00AE9571C} = {65434A37-EAE2-48D0-8365-A7435A32682D}
		{E2377334-8490-4A27-9DEB-D59F7EB187D5} = {74F130F5-6B05-411E-AB3E-25A00AE9571C}
		{41005D79-D0A7-4799-A5B1-98550EB50A33} = {74F130F5-6B05-411E-AB3E-25A00AE9571C}
		{1C9D85D8-16F9-41F2-81B5-C7FEB1092601} = {74F130F5-6B05-411E-AB3E-25A00AE9571C}
		{AF32E9F5-8BBB-447A-B99B-644915091B5C} = {74F130F5-6B05-411E-AB3E-25A00AE9571C}
		{06B723D1-BCE9-4E68-A806-76B41DFBAA71} = {74F130F5-6B05-411E-AB3E-25A00AE9571C}
	EndGlobalSection
	GlobalSection(ExtensibilityGlobals) = postSolution
		SolutionGuid = {B82263DF-7C13-4A9B-A38F-656C546B5BA0}
	EndGlobalSection
EndGlobal
